
Microsoft Visual Studio Solution File, Format Version 12.00
# Visual Studio Version 16
VisualStudioVersion = 16.0.28803.352
MinimumVisualStudioVersion = 10.0.40219.1
Project("{9A19103F-16F7-4668-BE54-9A1E7A4F7556}") = "NetRegexCompiler", "NetRegexCompiler\NetRegexCompiler.csproj", "{B23B4CB6-6EE6-44AF-83E8-257388EA6004}"
EndProject
Project("{FAE04EC0-301F-11D3-BF4B-00C04F79EFBC}") = "NetRegexCompiler.Tests", "NetRegexCompiler.Tests.TestRegexes\NetRegexCompiler.Tests.csproj", "{781761C7-6D4C-4085-BC3D-A5C26DEEABE0}"
EndProject
Project("{FAE04EC0-301F-11D3-BF4B-00C04F79EFBC}") = "NetRegexCompiler.GenerateTests", "NetRegexCompiler.GenerateTests\NetRegexCompiler.GenerateTests.csproj", "{167B9A95-71B0-4682-946C-9110D91B5F3A}"
EndProject
Global
	GlobalSection(SolutionConfigurationPlatforms) = preSolution
		Debug|Any CPU = Debug|Any CPU
		Release|Any CPU = Release|Any CPU
	EndGlobalSection
	GlobalSection(ProjectConfigurationPlatforms) = postSolution
		{B23B4CB6-6EE6-44AF-83E8-257388EA6004}.Debug|Any CPU.ActiveCfg = Debug|Any CPU
		{B23B4CB6-6EE6-44AF-83E8-257388EA6004}.Debug|Any CPU.Build.0 = Debug|Any CPU
		{B23B4CB6-6EE6-44AF-83E8-257388EA6004}.Release|Any CPU.ActiveCfg = Release|Any CPU
		{B23B4CB6-6EE6-44AF-83E8-257388EA6004}.Release|Any CPU.Build.0 = Release|Any CPU
		{781761C7-6D4C-4085-BC3D-A5C26DEEABE0}.Debug|Any CPU.ActiveCfg = Debug|Any CPU
		{781761C7-6D4C-4085-BC3D-A5C26DEEABE0}.Debug|Any CPU.Build.0 = Debug|Any CPU
		{781761C7-6D4C-4085-BC3D-A5C26DEEABE0}.Release|Any CPU.ActiveCfg = Release|Any CPU
		{781761C7-6D4C-4085-BC3D-A5C26DEEABE0}.Release|Any CPU.Build.0 = Release|Any CPU
		{167B9A95-71B0-4682-946C-9110D91B5F3A}.Debug|Any CPU.ActiveCfg = Debug|Any CPU
		{167B9A95-71B0-4682-946C-9110D91B5F3A}.Debug|Any CPU.Build.0 = Debug|Any CPU
		{167B9A95-71B0-4682-946C-9110D91B5F3A}.Release|Any CPU.ActiveCfg = Release|Any CPU
		{167B9A95-71B0-4682-946C-9110D91B5F3A}.Release|Any CPU.Build.0 = Release|Any CPU
	EndGlobalSection
	GlobalSection(SolutionProperties) = preSolution
		HideSolutionNode = FALSE
	EndGlobalSection
	GlobalSection(ExtensibilityGlobals) = postSolution
		SolutionGuid = {742907F1-FFE0-4F47-81CF-4F47E8407980}
	EndGlobalSection
EndGlobal
