
Microsoft Visual Studio Solution File, Format Version 12.00
# Visual Studio Version 16
VisualStudioVersion = 16.0.28803.352
MinimumVisualStudioVersion = 10.0.40219.1
Project("{FAE04EC0-301F-11D3-BF4B-00C04F79EFBC}") = "NetRegexCompiler", "NetRegexCompiler\NetRegexCompiler.csproj", "{B23B4CB6-6EE6-44AF-83E8-257388EA6004}"
EndProject
Project("{FAE04EC0-301F-11D3-BF4B-00C04F79EFBC}") = "NetRegexCompiler.Tests", "NetRegexCompiler.Tests\NetRegexCompiler.Tests.csproj", "{9D2B3DE2-E139-435B-B230-C9DE238FAA88}"
EndProject
Global
	GlobalSection(SolutionConfigurationPlatforms) = preSolution
		Debug|Any CPU = Debug|Any CPU
		Release|Any CPU = Release|Any CPU
	EndGlobalSection
	GlobalSection(ProjectConfigurationPlatforms) = postSolution
		{B23B4CB6-6EE6-44AF-83E8-257388EA6004}.Debug|Any CPU.ActiveCfg = Debug|Any CPU
		{B23B4CB6-6EE6-44AF-83E8-257388EA6004}.Debug|Any CPU.Build.0 = Debug|Any CPU
		{B23B4CB6-6EE6-44AF-83E8-257388EA6004}.Release|Any CPU.ActiveCfg = Release|Any CPU
		{B23B4CB6-6EE6-44AF-83E8-257388EA6004}.Release|Any CPU.Build.0 = Release|Any CPU
		{9D2B3DE2-E139-435B-B230-C9DE238FAA88}.Debug|Any CPU.ActiveCfg = Debug|Any CPU
		{9D2B3DE2-E139-435B-B230-C9DE238FAA88}.Debug|Any CPU.Build.0 = Debug|Any CPU
		{9D2B3DE2-E139-435B-B230-C9DE238FAA88}.Release|Any CPU.ActiveCfg = Release|Any CPU
		{9D2B3DE2-E139-435B-B230-C9DE238FAA88}.Release|Any CPU.Build.0 = Release|Any CPU
	EndGlobalSection
	GlobalSection(SolutionProperties) = preSolution
		HideSolutionNode = FALSE
	EndGlobalSection
	GlobalSection(ExtensibilityGlobals) = postSolution
		SolutionGuid = {742907F1-FFE0-4F47-81CF-4F47E8407980}
	EndGlobalSection
EndGlobal
